{
  "requires": true,
  "lockfileVersion": 1,
  "dependencies": {
    "mtk-palindrome": {
      "version": "0.1.0",
      "resolved": "https://registry.npmjs.org/mtk-palindrome/-/mtk-palindrome-0.1.0.tgz",
      "integrity": "sha512-N0QKFSkV6cacmHBozYPlUEYIAJqfJyT9DVhuVvx2IyFZOPger9ic+oz5k+nCbw0PrfQuQt1VHnQQ8B3fA6KfNw=="
    }
  }
}
